
Microsoft Visual Studio Solution File, Format Version 9.00
# Visual Studio 2005
# SharpDevelop 4.2.1.8805
Project("{2150E333-8FDC-42A3-9474-1A3956D46DE8}") = "Solution Items", "Solution Items", "{B495B21D-1745-4356-9A67-AAFA9D4F7C95}"
	ProjectSection(SolutionItems) = postProject
		WebPos\contact_form.htm = WebPos\contact_form.htm
		WebPos\stock.htm = WebPos\stock.htm
		WebPos\setup.htm = WebPos\setup.htm
		WebPos\receipt.htm = WebPos\receipt.htm
		WebPos\jquery-ui.css = WebPos\jquery-ui.css
	EndProjectSection
EndProject
Project("{2150E333-8FDC-42A3-9474-1A3956D46DE8}") = "js", "js", "{9553E515-61B7-4335-8FD6-C353C75D3055}"
	ProjectSection(SolutionItems) = postProject
		WebPos\js\db.js = WebPos\js\db.js
		WebPos\js\jquery-1.8.3.min.js = WebPos\js\jquery-1.8.3.min.js
		WebPos\js\contact.js = WebPos\js\contact.js
		WebPos\js\stock.js = WebPos\js\stock.js
		WebPos\js\receipt.js = WebPos\js\receipt.js
		WebPos\js\jquery-ui.js = WebPos\js\jquery-ui.js
	EndProjectSection
EndProject
Project("{2150E333-8FDC-42A3-9474-1A3956D46DE8}") = "style", "style", "{D4FE3CC4-871C-4F2C-A8D0-B692FEB07E71}"
	ProjectSection(SolutionItems) = postProject
		WebPos\style\style.css = WebPos\style\style.css
	EndProjectSection
EndProject
Project("{2150E333-8FDC-42A3-9474-1A3956D46DE8}") = "images", "images", "{A23319C7-E1E8-4704-9CA1-E8D770C03A0F}"
	ProjectSection(SolutionItems) = postProject
		WebPos\images\magnifier.png = WebPos\images\magnifier.png
		WebPos\images\ui-bg_flat_75_ffffff_40x100.png = WebPos\images\ui-bg_flat_75_ffffff_40x100.png
	EndProjectSection
EndProject
Global
	GlobalSection(SolutionConfigurationPlatforms) = preSolution
		Debug|x86 = Debug|x86
		Release|x86 = Release|x86
		Debug|Any CPU = Debug|Any CPU
		Release|Any CPU = Release|Any CPU
	EndGlobalSection
	GlobalSection(ProjectConfigurationPlatforms) = postSolution
	EndGlobalSection
	GlobalSection(NestedProjects) = preSolution
		{9553E515-61B7-4335-8FD6-C353C75D3055} = {B495B21D-1745-4356-9A67-AAFA9D4F7C95}
		{D4FE3CC4-871C-4F2C-A8D0-B692FEB07E71} = {B495B21D-1745-4356-9A67-AAFA9D4F7C95}
		{A23319C7-E1E8-4704-9CA1-E8D770C03A0F} = {B495B21D-1745-4356-9A67-AAFA9D4F7C95}
	EndGlobalSection
EndGlobal
